// !$*UTF8*$!
{
	archiveVersion = 1;
	classes = {
	};
	objectVersion = 56;
	objects = {

/* Begin PBXBuildFile section */
		8438FB4629D9AE5700D9D6FE /* profileuiApp.swift in Sources */ = {isa = PBXBuildFile; fileRef = 8438FB4529D9AE5700D9D6FE /* profileuiApp.swift */; };
		8438FB4829D9AE5700D9D6FE /* ContentView.swift in Sources */ = {isa = PBXBuildFile; fileRef = 8438FB4729D9AE5700D9D6FE /* ContentView.swift */; };
		8438FB4A29D9AE5800D9D6FE /* Assets.xcassets in Resources */ = {isa = PBXBuildFile; fileRef = 8438FB4929D9AE5800D9D6FE /* Assets.xcassets */; };
		8438FB4D29D9AE5800D9D6FE /* Preview Assets.xcassets in Resources */ = {isa = PBXBuildFile; fileRef = 8438FB4C29D9AE5800D9D6FE /* Preview Assets.xcassets */; };
		8438FB5729D9B14F00D9D6FE /* GoogleSignIn in Frameworks */ = {isa = PBXBuildFile; productRef = 8438FB5629D9B14F00D9D6FE /* GoogleSignIn */; };
		8438FB5929D9B14F00D9D6FE /* GoogleSignInSwift in Frameworks */ = {isa = PBXBuildFile; productRef = 8438FB5829D9B14F00D9D6FE /* GoogleSignInSwift */; };
		8438FB5E29D9BDD300D9D6FE /* Utilities.swift in Sources */ = {isa = PBXBuildFile; fileRef = 8438FB5D29D9BDD300D9D6FE /* Utilities.swift */; };
		8438FB6129D9C0FC00D9D6FE /* FirebaseAuth in Frameworks */ = {isa = PBXBuildFile; productRef = 8438FB6029D9C0FC00D9D6FE /* FirebaseAuth */; };
		8438FB6329D9C24F00D9D6FE /* AuthenticationManager.swift in Sources */ = {isa = PBXBuildFile; fileRef = 8438FB6229D9C24F00D9D6FE /* AuthenticationManager.swift */; };
		8438FB6529D9C8BB00D9D6FE /* AuthenticationView.swift in Sources */ = {isa = PBXBuildFile; fileRef = 8438FB6429D9C8BB00D9D6FE /* AuthenticationView.swift */; };
		8438FB6729D9CA7900D9D6FE /* SettingsView.swift in Sources */ = {isa = PBXBuildFile; fileRef = 8438FB6629D9CA7900D9D6FE /* SettingsView.swift */; };
		8438FB6A29D9DD4D00D9D6FE /* FirebaseFirestore in Frameworks */ = {isa = PBXBuildFile; productRef = 8438FB6929D9DD4D00D9D6FE /* FirebaseFirestore */; };
		8438FB6C29D9DD4D00D9D6FE /* FirebaseFirestoreSwift in Frameworks */ = {isa = PBXBuildFile; productRef = 8438FB6B29D9DD4D00D9D6FE /* FirebaseFirestoreSwift */; };
		845CBCDA29DDA81600BC1EFC /* UserManager.swift in Sources */ = {isa = PBXBuildFile; fileRef = 845CBCD929DDA81600BC1EFC /* UserManager.swift */; };
		84AB0C4129DDC763004DB78A /* Location.swift in Sources */ = {isa = PBXBuildFile; fileRef = 84AB0C4029DDC763004DB78A /* Location.swift */; };
		84AB0C4F29DDDA89004DB78A /* MapViewModel.swift in Sources */ = {isa = PBXBuildFile; fileRef = 84AB0C4E29DDDA89004DB78A /* MapViewModel.swift */; };
		84AB0C5129DDE01B004DB78A /* MapView.swift in Sources */ = {isa = PBXBuildFile; fileRef = 84AB0C5029DDE01B004DB78A /* MapView.swift */; };
		84AB0C5329DF151F004DB78A /* CameraView.swift in Sources */ = {isa = PBXBuildFile; fileRef = 84AB0C5229DF151F004DB78A /* CameraView.swift */; };
		84AB0C6429E30CA0004DB78A /* GoogleService-Info.plist in Resources */ = {isa = PBXBuildFile; fileRef = 84AB0C6329E30CA0004DB78A /* GoogleService-Info.plist */; };
		84B3A66629E316A7005841C1 /* Alamofire in Frameworks */ = {isa = PBXBuildFile; productRef = 84B3A66529E316A7005841C1 /* Alamofire */; };
		84B3A66E29E46A65005841C1 /* NetworkExtension.framework in Frameworks */ = {isa = PBXBuildFile; fileRef = 84B3A66D29E46A65005841C1 /* NetworkExtension.framework */; };
		84B3A67129E46A65005841C1 /* AppProxyProvider.swift in Sources */ = {isa = PBXBuildFile; fileRef = 84B3A67029E46A65005841C1 /* AppProxyProvider.swift */; };
		84B3A67629E46A65005841C1 /* networkconect.appex in Embed Foundation Extensions */ = {isa = PBXBuildFile; fileRef = 84B3A66C29E46A65005841C1 /* networkconect.appex */; settings = {ATTRIBUTES = (RemoveHeadersOnCopy, ); }; };
		84B3A67C29E470DD005841C1 /* RequestManager.swift in Sources */ = {isa = PBXBuildFile; fileRef = 84B3A67B29E470DD005841C1 /* RequestManager.swift */; };
		84B3A68029E473AC005841C1 /* LocationManager.swift in Sources */ = {isa = PBXBuildFile; fileRef = 84B3A67F29E473AC005841C1 /* LocationManager.swift */; };
/* End PBXBuildFile section */

/* Begin PBXContainerItemProxy section */
		84B3A67429E46A65005841C1 /* PBXContainerItemProxy */ = {
			isa = PBXContainerItemProxy;
			containerPortal = 8438FB3A29D9AE5700D9D6FE /* Project object */;
			proxyType = 1;
			remoteGlobalIDString = 84B3A66B29E46A65005841C1;
			remoteInfo = networkconect;
		};
/* End PBXContainerItemProxy section */

/* Begin PBXCopyFilesBuildPhase section */
		84B3A67A29E46A65005841C1 /* Embed Foundation Extensions */ = {
			isa = PBXCopyFilesBuildPhase;
			buildActionMask = 2147483647;
			dstPath = "";
			dstSubfolderSpec = 13;
			files = (
				84B3A67629E46A65005841C1 /* networkconect.appex in Embed Foundation Extensions */,
			);
			name = "Embed Foundation Extensions";
			runOnlyForDeploymentPostprocessing = 0;
		};
/* End PBXCopyFilesBuildPhase section */

/* Begin PBXFileReference section */
		8438FB4229D9AE5700D9D6FE /* profileui.app */ = {isa = PBXFileReference; explicitFileType = wrapper.application; includeInIndex = 0; path = profileui.app; sourceTree = BUILT_PRODUCTS_DIR; };
		8438FB4529D9AE5700D9D6FE /* profileuiApp.swift */ = {isa = PBXFileReference; lastKnownFileType = sourcecode.swift; path = profileuiApp.swift; sourceTree = "<group>"; };
		8438FB4729D9AE5700D9D6FE /* ContentView.swift */ = {isa = PBXFileReference; lastKnownFileType = sourcecode.swift; path = ContentView.swift; sourceTree = "<group>"; };
		8438FB4929D9AE5800D9D6FE /* Assets.xcassets */ = {isa = PBXFileReference; lastKnownFileType = folder.assetcatalog; path = Assets.xcassets; sourceTree = "<group>"; };
		8438FB4C29D9AE5800D9D6FE /* Preview Assets.xcassets */ = {isa = PBXFileReference; lastKnownFileType = folder.assetcatalog; path = "Preview Assets.xcassets"; sourceTree = "<group>"; };
		8438FB5A29D9B1A300D9D6FE /* Info.plist */ = {isa = PBXFileReference; lastKnownFileType = text.plist; path = Info.plist; sourceTree = "<group>"; };
		8438FB5D29D9BDD300D9D6FE /* Utilities.swift */ = {isa = PBXFileReference; lastKnownFileType = sourcecode.swift; path = Utilities.swift; sourceTree = "<group>"; };
		8438FB6229D9C24F00D9D6FE /* AuthenticationManager.swift */ = {isa = PBXFileReference; lastKnownFileType = sourcecode.swift; path = AuthenticationManager.swift; sourceTree = "<group>"; };
		8438FB6429D9C8BB00D9D6FE /* AuthenticationView.swift */ = {isa = PBXFileReference; lastKnownFileType = sourcecode.swift; path = AuthenticationView.swift; sourceTree = "<group>"; };
		8438FB6629D9CA7900D9D6FE /* SettingsView.swift */ = {isa = PBXFileReference; lastKnownFileType = sourcecode.swift; path = SettingsView.swift; sourceTree = "<group>"; };
		845CBCD929DDA81600BC1EFC /* UserManager.swift */ = {isa = PBXFileReference; lastKnownFileType = sourcecode.swift; path = UserManager.swift; sourceTree = "<group>"; };
		84AB0C4029DDC763004DB78A /* Location.swift */ = {isa = PBXFileReference; lastKnownFileType = sourcecode.swift; path = Location.swift; sourceTree = "<group>"; };
		84AB0C4E29DDDA89004DB78A /* MapViewModel.swift */ = {isa = PBXFileReference; lastKnownFileType = sourcecode.swift; path = MapViewModel.swift; sourceTree = "<group>"; };
		84AB0C5029DDE01B004DB78A /* MapView.swift */ = {isa = PBXFileReference; lastKnownFileType = sourcecode.swift; path = MapView.swift; sourceTree = "<group>"; };
		84AB0C5229DF151F004DB78A /* CameraView.swift */ = {isa = PBXFileReference; lastKnownFileType = sourcecode.swift; path = CameraView.swift; sourceTree = "<group>"; };
		84AB0C6329E30CA0004DB78A /* GoogleService-Info.plist */ = {isa = PBXFileReference; fileEncoding = 4; lastKnownFileType = text.plist.xml; path = "GoogleService-Info.plist"; sourceTree = "<group>"; };
		84B3A66C29E46A65005841C1 /* networkconect.appex */ = {isa = PBXFileReference; explicitFileType = "wrapper.app-extension"; includeInIndex = 0; path = networkconect.appex; sourceTree = BUILT_PRODUCTS_DIR; };
		84B3A66D29E46A65005841C1 /* NetworkExtension.framework */ = {isa = PBXFileReference; lastKnownFileType = wrapper.framework; name = NetworkExtension.framework; path = System/Library/Frameworks/NetworkExtension.framework; sourceTree = SDKROOT; };
		84B3A67029E46A65005841C1 /* AppProxyProvider.swift */ = {isa = PBXFileReference; lastKnownFileType = sourcecode.swift; path = AppProxyProvider.swift; sourceTree = "<group>"; };
		84B3A67229E46A65005841C1 /* Info.plist */ = {isa = PBXFileReference; lastKnownFileType = text.plist.xml; path = Info.plist; sourceTree = "<group>"; };
		84B3A67329E46A65005841C1 /* networkconect.entitlements */ = {isa = PBXFileReference; lastKnownFileType = text.plist.entitlements; path = networkconect.entitlements; sourceTree = "<group>"; };
		84B3A67B29E470DD005841C1 /* RequestManager.swift */ = {isa = PBXFileReference; lastKnownFileType = sourcecode.swift; path = RequestManager.swift; sourceTree = "<group>"; };
		84B3A67F29E473AC005841C1 /* LocationManager.swift */ = {isa = PBXFileReference; lastKnownFileType = sourcecode.swift; path = LocationManager.swift; sourceTree = "<group>"; };
/* End PBXFileReference section */

/* Begin PBXFrameworksBuildPhase section */
		8438FB3F29D9AE5700D9D6FE /* Frameworks */ = {
			isa = PBXFrameworksBuildPhase;
			buildActionMask = 2147483647;
			files = (
				8438FB6C29D9DD4D00D9D6FE /* FirebaseFirestoreSwift in Frameworks */,
				8438FB5729D9B14F00D9D6FE /* GoogleSignIn in Frameworks */,
				8438FB6A29D9DD4D00D9D6FE /* FirebaseFirestore in Frameworks */,
				84B3A66629E316A7005841C1 /* Alamofire in Frameworks */,
				8438FB6129D9C0FC00D9D6FE /* FirebaseAuth in Frameworks */,
				8438FB5929D9B14F00D9D6FE /* GoogleSignInSwift in Frameworks */,
			);
			runOnlyForDeploymentPostprocessing = 0;
		};
		84B3A66929E46A65005841C1 /* Frameworks */ = {
			isa = PBXFrameworksBuildPhase;
			buildActionMask = 2147483647;
			files = (
				84B3A66E29E46A65005841C1 /* NetworkExtension.framework in Frameworks */,
			);
			runOnlyForDeploymentPostprocessing = 0;
		};
/* End PBXFrameworksBuildPhase section */

/* Begin PBXGroup section */
		8438FB3929D9AE5700D9D6FE = {
			isa = PBXGroup;
			children = (
				8438FB4429D9AE5700D9D6FE /* profileui */,
				84B3A66F29E46A65005841C1 /* networkconect */,
				8438FB4329D9AE5700D9D6FE /* Products */,
				8438FB6829D9DD4D00D9D6FE /* Frameworks */,
			);
			sourceTree = "<group>";
		};
		8438FB4329D9AE5700D9D6FE /* Products */ = {
			isa = PBXGroup;
			children = (
				8438FB4229D9AE5700D9D6FE /* profileui.app */,
				84B3A66C29E46A65005841C1 /* networkconect.appex */,
			);
			name = Products;
			sourceTree = "<group>";
		};
		8438FB4429D9AE5700D9D6FE /* profileui */ = {
			isa = PBXGroup;
			children = (
				8438FB5A29D9B1A300D9D6FE /* Info.plist */,
				84AB0C6329E30CA0004DB78A /* GoogleService-Info.plist */,
				8438FB4B29D9AE5800D9D6FE /* Preview Content */,
				845CBCD829DDA7DE00BC1EFC /* Model */,
				84AB0C5929E05994004DB78A /* ViewModel */,
				84AB0C5829E0596B004DB78A /* Manager */,
				8438FB6D29D9DD5F00D9D6FE /* View */,
				8438FB5C29D9BDBA00D9D6FE /* Utilities */,
				8438FB4529D9AE5700D9D6FE /* profileuiApp.swift */,
				8438FB4929D9AE5800D9D6FE /* Assets.xcassets */,
			);
			path = profileui;
			sourceTree = "<group>";
		};
		8438FB4B29D9AE5800D9D6FE /* Preview Content */ = {
			isa = PBXGroup;
			children = (
				8438FB4C29D9AE5800D9D6FE /* Preview Assets.xcassets */,
			);
			path = "Preview Content";
			sourceTree = "<group>";
		};
		8438FB5C29D9BDBA00D9D6FE /* Utilities */ = {
			isa = PBXGroup;
			children = (
				8438FB5D29D9BDD300D9D6FE /* Utilities.swift */,
			);
			path = Utilities;
			sourceTree = "<group>";
		};
		8438FB6829D9DD4D00D9D6FE /* Frameworks */ = {
			isa = PBXGroup;
			children = (
				84B3A66D29E46A65005841C1 /* NetworkExtension.framework */,
			);
			name = Frameworks;
			sourceTree = "<group>";
		};
		8438FB6D29D9DD5F00D9D6FE /* View */ = {
			isa = PBXGroup;
			children = (
				8438FB4729D9AE5700D9D6FE /* ContentView.swift */,
				8438FB6429D9C8BB00D9D6FE /* AuthenticationView.swift */,
				8438FB6629D9CA7900D9D6FE /* SettingsView.swift */,
				84AB0C5029DDE01B004DB78A /* MapView.swift */,
				84AB0C5229DF151F004DB78A /* CameraView.swift */,
			);
			path = View;
			sourceTree = "<group>";
		};
		845CBCD829DDA7DE00BC1EFC /* Model */ = {
			isa = PBXGroup;
			children = (
				84AB0C4029DDC763004DB78A /* Location.swift */,
			);
			path = Model;
			sourceTree = "<group>";
		};
		84AB0C5829E0596B004DB78A /* Manager */ = {
			isa = PBXGroup;
			children = (
				8438FB6229D9C24F00D9D6FE /* AuthenticationManager.swift */,
				845CBCD929DDA81600BC1EFC /* UserManager.swift */,
				84B3A67B29E470DD005841C1 /* RequestManager.swift */,
				84B3A67F29E473AC005841C1 /* LocationManager.swift */,
			);
			path = Manager;
			sourceTree = "<group>";
		};
		84AB0C5929E05994004DB78A /* ViewModel */ = {
			isa = PBXGroup;
			children = (
				84AB0C4E29DDDA89004DB78A /* MapViewModel.swift */,
			);
			path = ViewModel;
			sourceTree = "<group>";
		};
		84B3A66F29E46A65005841C1 /* networkconect */ = {
			isa = PBXGroup;
			children = (
				84B3A67029E46A65005841C1 /* AppProxyProvider.swift */,
				84B3A67229E46A65005841C1 /* Info.plist */,
				84B3A67329E46A65005841C1 /* networkconect.entitlements */,
			);
			path = networkconect;
			sourceTree = "<group>";
		};
/* End PBXGroup section */

/* Begin PBXNativeTarget section */
		8438FB4129D9AE5700D9D6FE /* profileui */ = {
			isa = PBXNativeTarget;
			buildConfigurationList = 8438FB5029D9AE5800D9D6FE /* Build configuration list for PBXNativeTarget "profileui" */;
			buildPhases = (
				8438FB3E29D9AE5700D9D6FE /* Sources */,
				8438FB3F29D9AE5700D9D6FE /* Frameworks */,
				8438FB4029D9AE5700D9D6FE /* Resources */,
				84B3A67A29E46A65005841C1 /* Embed Foundation Extensions */,
			);
			buildRules = (
			);
			dependencies = (
				84B3A67529E46A65005841C1 /* PBXTargetDependency */,
			);
			name = profileui;
			packageProductDependencies = (
				8438FB5629D9B14F00D9D6FE /* GoogleSignIn */,
				8438FB5829D9B14F00D9D6FE /* GoogleSignInSwift */,
				8438FB6029D9C0FC00D9D6FE /* FirebaseAuth */,
				8438FB6929D9DD4D00D9D6FE /* FirebaseFirestore */,
				8438FB6B29D9DD4D00D9D6FE /* FirebaseFirestoreSwift */,
				84B3A66529E316A7005841C1 /* Alamofire */,
			);
			productName = profileui;
			productReference = 8438FB4229D9AE5700D9D6FE /* profileui.app */;
			productType = "com.apple.product-type.application";
		};
		84B3A66B29E46A65005841C1 /* networkconect */ = {
			isa = PBXNativeTarget;
			buildConfigurationList = 84B3A67729E46A65005841C1 /* Build configuration list for PBXNativeTarget "networkconect" */;
			buildPhases = (
				84B3A66829E46A65005841C1 /* Sources */,
				84B3A66929E46A65005841C1 /* Frameworks */,
				84B3A66A29E46A65005841C1 /* Resources */,
			);
			buildRules = (
			);
			dependencies = (
			);
			name = networkconect;
			productName = networkconect;
			productReference = 84B3A66C29E46A65005841C1 /* networkconect.appex */;
			productType = "com.apple.product-type.app-extension";
		};
/* End PBXNativeTarget section */

/* Begin PBXProject section */
		8438FB3A29D9AE5700D9D6FE /* Project object */ = {
			isa = PBXProject;
			attributes = {
				BuildIndependentTargetsInParallel = 1;
				LastSwiftUpdateCheck = 1430;
				LastUpgradeCheck = 1430;
				TargetAttributes = {
					8438FB4129D9AE5700D9D6FE = {
						CreatedOnToolsVersion = 14.3;
					};
					84B3A66B29E46A65005841C1 = {
						CreatedOnToolsVersion = 14.3;
					};
				};
			};
			buildConfigurationList = 8438FB3D29D9AE5700D9D6FE /* Build configuration list for PBXProject "profileui" */;
			compatibilityVersion = "Xcode 14.0";
			developmentRegion = en;
			hasScannedForEncodings = 0;
			knownRegions = (
				en,
				Base,
			);
			mainGroup = 8438FB3929D9AE5700D9D6FE;
			packageReferences = (
				8438FB5529D9B14F00D9D6FE /* XCRemoteSwiftPackageReference "GoogleSignIn-iOS" */,
				8438FB5F29D9C0FC00D9D6FE /* XCRemoteSwiftPackageReference "firebase-ios-sdk" */,
				84B3A66429E316A7005841C1 /* XCRemoteSwiftPackageReference "Alamofire" */,
			);
			productRefGroup = 8438FB4329D9AE5700D9D6FE /* Products */;
			projectDirPath = "";
			projectRoot = "";
			targets = (
				8438FB4129D9AE5700D9D6FE /* profileui */,
				84B3A66B29E46A65005841C1 /* networkconect */,
			);
		};
/* End PBXProject section */

/* Begin PBXResourcesBuildPhase section */
		8438FB4029D9AE5700D9D6FE /* Resources */ = {
			isa = PBXResourcesBuildPhase;
			buildActionMask = 2147483647;
			files = (
				8438FB4D29D9AE5800D9D6FE /* Preview Assets.xcassets in Resources */,
				84AB0C6429E30CA0004DB78A /* GoogleService-Info.plist in Resources */,
				8438FB4A29D9AE5800D9D6FE /* Assets.xcassets in Resources */,
			);
			runOnlyForDeploymentPostprocessing = 0;
		};
		84B3A66A29E46A65005841C1 /* Resources */ = {
			isa = PBXResourcesBuildPhase;
			buildActionMask = 2147483647;
			files = (
			);
			runOnlyForDeploymentPostprocessing = 0;
		};
/* End PBXResourcesBuildPhase section */

/* Begin PBXSourcesBuildPhase section */
		8438FB3E29D9AE5700D9D6FE /* Sources */ = {
			isa = PBXSourcesBuildPhase;
			buildActionMask = 2147483647;
			files = (
				8438FB5E29D9BDD300D9D6FE /* Utilities.swift in Sources */,
				84AB0C5129DDE01B004DB78A /* MapView.swift in Sources */,
				84AB0C5329DF151F004DB78A /* CameraView.swift in Sources */,
				84B3A67C29E470DD005841C1 /* RequestManager.swift in Sources */,
				8438FB6329D9C24F00D9D6FE /* AuthenticationManager.swift in Sources */,
				84AB0C4129DDC763004DB78A /* Location.swift in Sources */,
				8438FB4829D9AE5700D9D6FE /* ContentView.swift in Sources */,
				84AB0C4F29DDDA89004DB78A /* MapViewModel.swift in Sources */,
				8438FB6729D9CA7900D9D6FE /* SettingsView.swift in Sources */,
				8438FB4629D9AE5700D9D6FE /* profileuiApp.swift in Sources */,
				845CBCDA29DDA81600BC1EFC /* UserManager.swift in Sources */,
				8438FB6529D9C8BB00D9D6FE /* AuthenticationView.swift in Sources */,
				84B3A68029E473AC005841C1 /* LocationManager.swift in Sources */,
			);
			runOnlyForDeploymentPostprocessing = 0;
		};
		84B3A66829E46A65005841C1 /* Sources */ = {
			isa = PBXSourcesBuildPhase;
			buildActionMask = 2147483647;
			files = (
				84B3A67129E46A65005841C1 /* AppProxyProvider.swift in Sources */,
			);
			runOnlyForDeploymentPostprocessing = 0;
		};
/* End PBXSourcesBuildPhase section */

/* Begin PBXTargetDependency section */
		84B3A67529E46A65005841C1 /* PBXTargetDependency */ = {
			isa = PBXTargetDependency;
			target = 84B3A66B29E46A65005841C1 /* networkconect */;
			targetProxy = 84B3A67429E46A65005841C1 /* PBXContainerItemProxy */;
		};
/* End PBXTargetDependency section */

/* Begin XCBuildConfiguration section */
		8438FB4E29D9AE5800D9D6FE /* Debug */ = {
			isa = XCBuildConfiguration;
			buildSettings = {
				ALWAYS_SEARCH_USER_PATHS = NO;
				CLANG_ANALYZER_NONNULL = YES;
				CLANG_ANALYZER_NUMBER_OBJECT_CONVERSION = YES_AGGRESSIVE;
				CLANG_CXX_LANGUAGE_STANDARD = "gnu++20";
				CLANG_ENABLE_MODULES = YES;
				CLANG_ENABLE_OBJC_ARC = YES;
				CLANG_ENABLE_OBJC_WEAK = YES;
				CLANG_WARN_BLOCK_CAPTURE_AUTORELEASING = YES;
				CLANG_WARN_BOOL_CONVERSION = YES;
				CLANG_WARN_COMMA = YES;
				CLANG_WARN_CONSTANT_CONVERSION = YES;
				CLANG_WARN_DEPRECATED_OBJC_IMPLEMENTATIONS = YES;
				CLANG_WARN_DIRECT_OBJC_ISA_USAGE = YES_ERROR;
				CLANG_WARN_DOCUMENTATION_COMMENTS = YES;
				CLANG_WARN_EMPTY_BODY = YES;
				CLANG_WARN_ENUM_CONVERSION = YES;
				CLANG_WARN_INFINITE_RECURSION = YES;
				CLANG_WARN_INT_CONVERSION = YES;
				CLANG_WARN_NON_LITERAL_NULL_CONVERSION = YES;
				CLANG_WARN_OBJC_IMPLICIT_RETAIN_SELF = YES;
				CLANG_WARN_OBJC_LITERAL_CONVERSION = YES;
				CLANG_WARN_OBJC_ROOT_CLASS = YES_ERROR;
				CLANG_WARN_QUOTED_INCLUDE_IN_FRAMEWORK_HEADER = YES;
				CLANG_WARN_RANGE_LOOP_ANALYSIS = YES;
				CLANG_WARN_STRICT_PROTOTYPES = YES;
				CLANG_WARN_SUSPICIOUS_MOVE = YES;
				CLANG_WARN_UNGUARDED_AVAILABILITY = YES_AGGRESSIVE;
				CLANG_WARN_UNREACHABLE_CODE = YES;
				CLANG_WARN__DUPLICATE_METHOD_MATCH = YES;
				COPY_PHASE_STRIP = NO;
				DEBUG_INFORMATION_FORMAT = dwarf;
				ENABLE_STRICT_OBJC_MSGSEND = YES;
				ENABLE_TESTABILITY = YES;
				FRAMEWORK_SEARCH_PATHS = (
					"${inherited}",
					"$(SRCROOT)",
				);
				GCC_C_LANGUAGE_STANDARD = gnu11;
				GCC_DYNAMIC_NO_PIC = NO;
				GCC_NO_COMMON_BLOCKS = YES;
				GCC_OPTIMIZATION_LEVEL = 0;
				GCC_PREPROCESSOR_DEFINITIONS = (
					"DEBUG=1",
					"$(inherited)",
				);
				GCC_WARN_64_TO_32_BIT_CONVERSION = YES;
				GCC_WARN_ABOUT_RETURN_TYPE = YES_ERROR;
				GCC_WARN_UNDECLARED_SELECTOR = YES;
				GCC_WARN_UNINITIALIZED_AUTOS = YES_AGGRESSIVE;
				GCC_WARN_UNUSED_FUNCTION = YES;
				GCC_WARN_UNUSED_VARIABLE = YES;
				IPHONEOS_DEPLOYMENT_TARGET = 16.4;
				MTL_ENABLE_DEBUG_INFO = INCLUDE_SOURCE;
				MTL_FAST_MATH = YES;
				ONLY_ACTIVE_ARCH = YES;
				SDKROOT = iphoneos;
				SWIFT_ACTIVE_COMPILATION_CONDITIONS = DEBUG;
				SWIFT_OPTIMIZATION_LEVEL = "-Onone";
			};
			name = Debug;
		};
		8438FB4F29D9AE5800D9D6FE /* Release */ = {
			isa = XCBuildConfiguration;
			buildSettings = {
				ALWAYS_SEARCH_USER_PATHS = NO;
				CLANG_ANALYZER_NONNULL = YES;
				CLANG_ANALYZER_NUMBER_OBJECT_CONVERSION = YES_AGGRESSIVE;
				CLANG_CXX_LANGUAGE_STANDARD = "gnu++20";
				CLANG_ENABLE_MODULES = YES;
				CLANG_ENABLE_OBJC_ARC = YES;
				CLANG_ENABLE_OBJC_WEAK = YES;
				CLANG_WARN_BLOCK_CAPTURE_AUTORELEASING = YES;
				CLANG_WARN_BOOL_CONVERSION = YES;
				CLANG_WARN_COMMA = YES;
				CLANG_WARN_CONSTANT_CONVERSION = YES;
				CLANG_WARN_DEPRECATED_OBJC_IMPLEMENTATIONS = YES;
				CLANG_WARN_DIRECT_OBJC_ISA_USAGE = YES_ERROR;
				CLANG_WARN_DOCUMENTATION_COMMENTS = YES;
				CLANG_WARN_EMPTY_BODY = YES;
				CLANG_WARN_ENUM_CONVERSION = YES;
				CLANG_WARN_INFINITE_RECURSION = YES;
				CLANG_WARN_INT_CONVERSION = YES;
				CLANG_WARN_NON_LITERAL_NULL_CONVERSION = YES;
				CLANG_WARN_OBJC_IMPLICIT_RETAIN_SELF = YES;
				CLANG_WARN_OBJC_LITERAL_CONVERSION = YES;
				CLANG_WARN_OBJC_ROOT_CLASS = YES_ERROR;
				CLANG_WARN_QUOTED_INCLUDE_IN_FRAMEWORK_HEADER = YES;
				CLANG_WARN_RANGE_LOOP_ANALYSIS = YES;
				CLANG_WARN_STRICT_PROTOTYPES = YES;
				CLANG_WARN_SUSPICIOUS_MOVE = YES;
				CLANG_WARN_UNGUARDED_AVAILABILITY = YES_AGGRESSIVE;
				CLANG_WARN_UNREACHABLE_CODE = YES;
				CLANG_WARN__DUPLICATE_METHOD_MATCH = YES;
				COPY_PHASE_STRIP = NO;
				DEBUG_INFORMATION_FORMAT = "dwarf-with-dsym";
				ENABLE_NS_ASSERTIONS = NO;
				ENABLE_STRICT_OBJC_MSGSEND = YES;
				FRAMEWORK_SEARCH_PATHS = (
					"${inherited}",
					"$(SRCROOT)",
				);
				GCC_C_LANGUAGE_STANDARD = gnu11;
				GCC_NO_COMMON_BLOCKS = YES;
				GCC_WARN_64_TO_32_BIT_CONVERSION = YES;
				GCC_WARN_ABOUT_RETURN_TYPE = YES_ERROR;
				GCC_WARN_UNDECLARED_SELECTOR = YES;
				GCC_WARN_UNINITIALIZED_AUTOS = YES_AGGRESSIVE;
				GCC_WARN_UNUSED_FUNCTION = YES;
				GCC_WARN_UNUSED_VARIABLE = YES;
				IPHONEOS_DEPLOYMENT_TARGET = 16.4;
				MTL_ENABLE_DEBUG_INFO = NO;
				MTL_FAST_MATH = YES;
				SDKROOT = iphoneos;
				SWIFT_COMPILATION_MODE = wholemodule;
				SWIFT_OPTIMIZATION_LEVEL = "-O";
				VALIDATE_PRODUCT = YES;
			};
			name = Release;
		};
		8438FB5129D9AE5800D9D6FE /* Debug */ = {
			isa = XCBuildConfiguration;
			buildSettings = {
				ALWAYS_EMBED_SWIFT_STANDARD_LIBRARIES = YES;
				ASSETCATALOG_COMPILER_APPICON_NAME = AppIcon;
				ASSETCATALOG_COMPILER_GLOBAL_ACCENT_COLOR_NAME = AccentColor;
				CODE_SIGN_ENTITLEMENTS = profileui/profileuiDebug.entitlements;
				CODE_SIGN_STYLE = Automatic;
				CURRENT_PROJECT_VERSION = 1;
				DEVELOPMENT_ASSET_PATHS = "\"profileui/Preview Content\"";
				DEVELOPMENT_TEAM = KVTH8J54L4;
				ENABLE_PREVIEWS = YES;
				GENERATE_INFOPLIST_FILE = YES;
				INFOPLIST_FILE = profileui/Info.plist;
				INFOPLIST_KEY_CFBundleDisplayName = ProfileUI;
				INFOPLIST_KEY_NSCameraUsageDescription = "We need to access your camera for scanning QR codes";
				INFOPLIST_KEY_NSFaceIDUsageDescription = "Please allow to continue with face id";
				INFOPLIST_KEY_NSLocationAlwaysAndWhenInUseUsageDescription = "We need to access your location for location";
				INFOPLIST_KEY_NSLocationWhenInUseUsageDescription = "We need to access your location for location";
				INFOPLIST_KEY_UIApplicationSceneManifest_Generation = YES;
				INFOPLIST_KEY_UIApplicationSupportsIndirectInputEvents = YES;
				INFOPLIST_KEY_UILaunchScreen_Generation = YES;
				INFOPLIST_KEY_UISupportedInterfaceOrientations_iPad = "UIInterfaceOrientationPortrait UIInterfaceOrientationPortraitUpsideDown UIInterfaceOrientationLandscapeLeft UIInterfaceOrientationLandscapeRight";
				INFOPLIST_KEY_UISupportedInterfaceOrientations_iPhone = "UIInterfaceOrientationPortrait UIInterfaceOrientationLandscapeLeft UIInterfaceOrientationLandscapeRight";
				IPHONEOS_DEPLOYMENT_TARGET = 16.2;
				LD_RUNPATH_SEARCH_PATHS = (
					"$(inherited)",
					"@executable_path/Frameworks",
				);
				MARKETING_VERSION = 1.0;
				PRODUCT_BUNDLE_IDENTIFIER = com.orun028.profileui;
				PRODUCT_NAME = "$(TARGET_NAME)";
				SUPPORTED_PLATFORMS = "iphoneos iphonesimulator";
				SUPPORTS_MACCATALYST = NO;
				SUPPORTS_MAC_DESIGNED_FOR_IPHONE_IPAD = NO;
				SWIFT_EMIT_LOC_STRINGS = YES;
				SWIFT_VERSION = 5.0;
				TARGETED_DEVICE_FAMILY = 1;
			};
			name = Debug;
		};
		8438FB5229D9AE5800D9D6FE /* Release */ = {
			isa = XCBuildConfiguration;
			buildSettings = {
				ALWAYS_EMBED_SWIFT_STANDARD_LIBRARIES = YES;
				ASSETCATALOG_COMPILER_APPICON_NAME = AppIcon;
				ASSETCATALOG_COMPILER_GLOBAL_ACCENT_COLOR_NAME = AccentColor;
				CODE_SIGN_STYLE = Automatic;
				CURRENT_PROJECT_VERSION = 1;
				DEVELOPMENT_ASSET_PATHS = "\"profileui/Preview Content\"";
				DEVELOPMENT_TEAM = KVTH8J54L4;
				ENABLE_PREVIEWS = YES;
				GENERATE_INFOPLIST_FILE = YES;
				INFOPLIST_FILE = profileui/Info.plist;
				INFOPLIST_KEY_CFBundleDisplayName = ProfileUI;
				INFOPLIST_KEY_NSCameraUsageDescription = "We need to access your camera for scanning QR codes";
				INFOPLIST_KEY_NSFaceIDUsageDescription = "Please allow to continue with face id";
				INFOPLIST_KEY_NSLocationAlwaysAndWhenInUseUsageDescription = "We need to access your location for location";
				INFOPLIST_KEY_NSLocationWhenInUseUsageDescription = "We need to access your location for location";
				INFOPLIST_KEY_UIApplicationSceneManifest_Generation = YES;
				INFOPLIST_KEY_UIApplicationSupportsIndirectInputEvents = YES;
				INFOPLIST_KEY_UILaunchScreen_Generation = YES;
				INFOPLIST_KEY_UISupportedInterfaceOrientations_iPad = "UIInterfaceOrientationPortrait UIInterfaceOrientationPortraitUpsideDown UIInterfaceOrientationLandscapeLeft UIInterfaceOrientationLandscapeRight";
				INFOPLIST_KEY_UISupportedInterfaceOrientations_iPhone = "UIInterfaceOrientationPortrait UIInterfaceOrientationLandscapeLeft UIInterfaceOrientationLandscapeRight";
				IPHONEOS_DEPLOYMENT_TARGET = 16.2;
				LD_RUNPATH_SEARCH_PATHS = (
					"$(inherited)",
					"@executable_path/Frameworks",
				);
				MARKETING_VERSION = 1.0;
				PRODUCT_BUNDLE_IDENTIFIER = com.orun028.profileui;
				PRODUCT_NAME = "$(TARGET_NAME)";
				SUPPORTED_PLATFORMS = "iphoneos iphonesimulator";
				SUPPORTS_MACCATALYST = NO;
				SUPPORTS_MAC_DESIGNED_FOR_IPHONE_IPAD = NO;
				SWIFT_EMIT_LOC_STRINGS = YES;
				SWIFT_VERSION = 5.0;
				TARGETED_DEVICE_FAMILY = 1;
			};
			name = Release;
		};
		84B3A67829E46A65005841C1 /* Debug */ = {
			isa = XCBuildConfiguration;
			buildSettings = {
				CODE_SIGN_ENTITLEMENTS = networkconect/networkconect.entitlements;
				CODE_SIGN_STYLE = Automatic;
				CURRENT_PROJECT_VERSION = 1;
				DEVELOPMENT_TEAM = KVTH8J54L4;
				GENERATE_INFOPLIST_FILE = YES;
				INFOPLIST_FILE = networkconect/Info.plist;
				INFOPLIST_KEY_CFBundleDisplayName = networkconect;
				INFOPLIST_KEY_NSHumanReadableCopyright = "";
				LD_RUNPATH_SEARCH_PATHS = (
					"$(inherited)",
					"@executable_path/Frameworks",
					"@executable_path/../../Frameworks",
				);
				MARKETING_VERSION = 1.0;
				PRODUCT_BUNDLE_IDENTIFIER = com.orun028.profileui.networkconect;
				PRODUCT_NAME = "$(TARGET_NAME)";
				SKIP_INSTALL = YES;
				SWIFT_EMIT_LOC_STRINGS = YES;
				SWIFT_VERSION = 5.0;
				TARGETED_DEVICE_FAMILY = "1,2";
			};
			name = Debug;
		};
		84B3A67929E46A65005841C1 /* Release */ = {
			isa = XCBuildConfiguration;
			buildSettings = {
				CODE_SIGN_ENTITLEMENTS = networkconect/networkconect.entitlements;
				CODE_SIGN_STYLE = Automatic;
				CURRENT_PROJECT_VERSION = 1;
				DEVELOPMENT_TEAM = KVTH8J54L4;
				GENERATE_INFOPLIST_FILE = YES;
				INFOPLIST_FILE = networkconect/Info.plist;
				INFOPLIST_KEY_CFBundleDisplayName = networkconect;
				INFOPLIST_KEY_NSHumanReadableCopyright = "";
				LD_RUNPATH_SEARCH_PATHS = (
					"$(inherited)",
					"@executable_path/Frameworks",
					"@executable_path/../../Frameworks",
				);
				MARKETING_VERSION = 1.0;
				PRODUCT_BUNDLE_IDENTIFIER = com.orun028.profileui.networkconect;
				PRODUCT_NAME = "$(TARGET_NAME)";
				SKIP_INSTALL = YES;
				SWIFT_EMIT_LOC_STRINGS = YES;
				SWIFT_VERSION = 5.0;
				TARGETED_DEVICE_FAMILY = "1,2";
			};
			name = Release;
		};
/* End XCBuildConfiguration section */

/* Begin XCConfigurationList section */
		8438FB3D29D9AE5700D9D6FE /* Build configuration list for PBXProject "profileui" */ = {
			isa = XCConfigurationList;
			buildConfigurations = (
				8438FB4E29D9AE5800D9D6FE /* Debug */,
				8438FB4F29D9AE5800D9D6FE /* Release */,
			);
			defaultConfigurationIsVisible = 0;
			defaultConfigurationName = Release;
		};
		8438FB5029D9AE5800D9D6FE /* Build configuration list for PBXNativeTarget "profileui" */ = {
			isa = XCConfigurationList;
			buildConfigurations = (
				8438FB5129D9AE5800D9D6FE /* Debug */,
				8438FB5229D9AE5800D9D6FE /* Release */,
			);
			defaultConfigurationIsVisible = 0;
			defaultConfigurationName = Release;
		};
		84B3A67729E46A65005841C1 /* Build configuration list for PBXNativeTarget "networkconect" */ = {
			isa = XCConfigurationList;
			buildConfigurations = (
				84B3A67829E46A65005841C1 /* Debug */,
				84B3A67929E46A65005841C1 /* Release */,
			);
			defaultConfigurationIsVisible = 0;
			defaultConfigurationName = Release;
		};
/* End XCConfigurationList section */

/* Begin XCRemoteSwiftPackageReference section */
		8438FB5529D9B14F00D9D6FE /* XCRemoteSwiftPackageReference "GoogleSignIn-iOS" */ = {
			isa = XCRemoteSwiftPackageReference;
			repositoryURL = "https://github.com/google/GoogleSignIn-iOS";
			requirement = {
				kind = upToNextMajorVersion;
				minimumVersion = 7.0.0;
			};
		};
		8438FB5F29D9C0FC00D9D6FE /* XCRemoteSwiftPackageReference "firebase-ios-sdk" */ = {
			isa = XCRemoteSwiftPackageReference;
			repositoryURL = "https://github.com/firebase/firebase-ios-sdk";
			requirement = {
				kind = upToNextMajorVersion;
				minimumVersion = 10.0.0;
			};
		};
		84B3A66429E316A7005841C1 /* XCRemoteSwiftPackageReference "Alamofire" */ = {
			isa = XCRemoteSwiftPackageReference;
			repositoryURL = "https://github.com/Alamofire/Alamofire";
			requirement = {
				kind = upToNextMajorVersion;
				minimumVersion = 5.0.0;
			};
		};
/* End XCRemoteSwiftPackageReference section */

/* Begin XCSwiftPackageProductDependency section */
		8438FB5629D9B14F00D9D6FE /* GoogleSignIn */ = {
			isa = XCSwiftPackageProductDependency;
			package = 8438FB5529D9B14F00D9D6FE /* XCRemoteSwiftPackageReference "GoogleSignIn-iOS" */;
			productName = GoogleSignIn;
		};
		8438FB5829D9B14F00D9D6FE /* GoogleSignInSwift */ = {
			isa = XCSwiftPackageProductDependency;
			package = 8438FB5529D9B14F00D9D6FE /* XCRemoteSwiftPackageReference "GoogleSignIn-iOS" */;
			productName = GoogleSignInSwift;
		};
		8438FB6029D9C0FC00D9D6FE /* FirebaseAuth */ = {
			isa = XCSwiftPackageProductDependency;
			package = 8438FB5F29D9C0FC00D9D6FE /* XCRemoteSwiftPackageReference "firebase-ios-sdk" */;
			productName = FirebaseAuth;
		};
		8438FB6929D9DD4D00D9D6FE /* FirebaseFirestore */ = {
			isa = XCSwiftPackageProductDependency;
			package = 8438FB5F29D9C0FC00D9D6FE /* XCRemoteSwiftPackageReference "firebase-ios-sdk" */;
			productName = FirebaseFirestore;
		};
		8438FB6B29D9DD4D00D9D6FE /* FirebaseFirestoreSwift */ = {
			isa = XCSwiftPackageProductDependency;
			package = 8438FB5F29D9C0FC00D9D6FE /* XCRemoteSwiftPackageReference "firebase-ios-sdk" */;
			productName = FirebaseFirestoreSwift;
		};
		84B3A66529E316A7005841C1 /* Alamofire */ = {
			isa = XCSwiftPackageProductDependency;
			package = 84B3A66429E316A7005841C1 /* XCRemoteSwiftPackageReference "Alamofire" */;
			productName = Alamofire;
		};
/* End XCSwiftPackageProductDependency section */
	};
	rootObject = 8438FB3A29D9AE5700D9D6FE /* Project object */;
}
